
Microsoft Visual Studio Solution File, Format Version 12.00
# Visual Studio Version 17
VisualStudioVersion = 17.3.32929.385
MinimumVisualStudioVersion = 10.0.40219.1
Project("{FAE04EC0-301F-11D3-BF4B-00C04F79EFBC}") = "ConsoleApp1", "ConsoleApp1\ConsoleApp1.csproj", "{A2CB842B-0396-43D7-8F59-49FF8C2CFFC7}"
EndProject
Global
	GlobalSection(SolutionConfigurationPlatforms) = preSolution
		Debug|Any CPU = Debug|Any CPU
		Release|Any CPU = Release|Any CPU
	EndGlobalSection
	GlobalSection(ProjectConfigurationPlatforms) = postSolution
		{A2CB842B-0396-43D7-8F59-49FF8C2CFFC7}.Debug|Any CPU.ActiveCfg = Debug|Any CPU
		{A2CB842B-0396-43D7-8F59-49FF8C2CFFC7}.Debug|Any CPU.Build.0 = Debug|Any CPU
		{A2CB842B-0396-43D7-8F59-49FF8C2CFFC7}.Release|Any CPU.ActiveCfg = Release|Any CPU
		{A2CB842B-0396-43D7-8F59-49FF8C2CFFC7}.Release|Any CPU.Build.0 = Release|Any CPU
	EndGlobalSection
	GlobalSection(SolutionProperties) = preSolution
		HideSolutionNode = FALSE
	EndGlobalSection
	GlobalSection(ExtensibilityGlobals) = postSolution
		SolutionGuid = {EA417C7A-7A7E-4634-A5E8-C25EA50EB66E}
	EndGlobalSection
EndGlobal
